{
  "name": "bahnhofottos",
  "version": "1.0.0",
  "lockfileVersion": 3,
  "requires": true,
  "packages": {
    "": {
      "name": "bahnhofottos",
      "version": "1.0.0",
      "license": "ISC",
      "dependencies": {
        "leaflet-search": "^3.0.11"
      }
    },
    "node_modules/leaflet": {
      "version": "1.9.4",
      "resolved": "https://registry.npmjs.org/leaflet/-/leaflet-1.9.4.tgz",
      "integrity": "sha512-nxS1ynzJOmOlHp+iL3FyWqK89GtNL8U8rvlMOsQdTTssxZwCXh8N2NB3GDQOL+YR3XnWyZAxwQixURb+FA74PA=="
    },
    "node_modules/leaflet-search": {
      "version": "3.0.11",
      "resolved": "https://registry.npmjs.org/leaflet-search/-/leaflet-search-3.0.11.tgz",
      "integrity": "sha512-OVY28/RqkmS87ts0YB1ibMKnOk08EQ9yKv7eFbs30bIFWiU3JOkmrSWFPjSBhCvE40iFa5G6x88PoXqHFFZ0RA==",
      "dependencies": {
        "leaflet": "*"
      }
    }
  }
}
